
Microsoft Visual Studio Solution File, Format Version 12.00
# Visual Studio Version 16
VisualStudioVersion = 16.0.29424.173
MinimumVisualStudioVersion = 10.0.40219.1
Project("{FAE04EC0-301F-11D3-BF4B-00C04F79EFBC}") = "PopUpsApp.Android", "PopUpsApp.Android\PopUpsApp.Android.csproj", "{E7F12657-D011-4563-807F-9058E7B412D8}"
EndProject
Project("{FAE04EC0-301F-11D3-BF4B-00C04F79EFBC}") = "PopUpsApp.iOS", "PopUpsApp.iOS\PopUpsApp.iOS.csproj", "{1385DFA9-FCE8-4D69-93C9-47191099E039}"
EndProject
Project("{FAE04EC0-301F-11D3-BF4B-00C04F79EFBC}") = "PopUpsApp", "PopUpsApp\PopUpsApp.csproj", "{6B0301E1-E20C-4D5B-BE42-E5EEC4B590EF}"
EndProject
Global
	GlobalSection(SolutionConfigurationPlatforms) = preSolution
		Debug|Any CPU = Debug|Any CPU
		Debug|iPhone = Debug|iPhone
		Debug|iPhoneSimulator = Debug|iPhoneSimulator
		Release|Any CPU = Release|Any CPU
		Release|iPhone = Release|iPhone
		Release|iPhoneSimulator = Release|iPhoneSimulator
	EndGlobalSection
	GlobalSection(ProjectConfigurationPlatforms) = postSolution
		{E7F12657-D011-4563-807F-9058E7B412D8}.Debug|Any CPU.ActiveCfg = Debug|Any CPU
		{E7F12657-D011-4563-807F-9058E7B412D8}.Debug|Any CPU.Build.0 = Debug|Any CPU
		{E7F12657-D011-4563-807F-9058E7B412D8}.Debug|Any CPU.Deploy.0 = Debug|Any CPU
		{E7F12657-D011-4563-807F-9058E7B412D8}.Debug|iPhone.ActiveCfg = Debug|Any CPU
		{E7F12657-D011-4563-807F-9058E7B412D8}.Debug|iPhone.Build.0 = Debug|Any CPU
		{E7F12657-D011-4563-807F-9058E7B412D8}.Debug|iPhone.Deploy.0 = Debug|Any CPU
		{E7F12657-D011-4563-807F-9058E7B412D8}.Debug|iPhoneSimulator.ActiveCfg = Debug|Any CPU
		{E7F12657-D011-4563-807F-9058E7B412D8}.Debug|iPhoneSimulator.Build.0 = Debug|Any CPU
		{E7F12657-D011-4563-807F-9058E7B412D8}.Debug|iPhoneSimulator.Deploy.0 = Debug|Any CPU
		{E7F12657-D011-4563-807F-9058E7B412D8}.Release|Any CPU.ActiveCfg = Release|Any CPU
		{E7F12657-D011-4563-807F-9058E7B412D8}.Release|Any CPU.Build.0 = Release|Any CPU
		{E7F12657-D011-4563-807F-9058E7B412D8}.Release|Any CPU.Deploy.0 = Release|Any CPU
		{E7F12657-D011-4563-807F-9058E7B412D8}.Release|iPhone.ActiveCfg = Release|Any CPU
		{E7F12657-D011-4563-807F-9058E7B412D8}.Release|iPhone.Build.0 = Release|Any CPU
		{E7F12657-D011-4563-807F-9058E7B412D8}.Release|iPhone.Deploy.0 = Release|Any CPU
		{E7F12657-D011-4563-807F-9058E7B412D8}.Release|iPhoneSimulator.ActiveCfg = Release|Any CPU
		{E7F12657-D011-4563-807F-9058E7B412D8}.Release|iPhoneSimulator.Build.0 = Release|Any CPU
		{E7F12657-D011-4563-807F-9058E7B412D8}.Release|iPhoneSimulator.Deploy.0 = Release|Any CPU
		{1385DFA9-FCE8-4D69-93C9-47191099E039}.Debug|Any CPU.ActiveCfg = Debug|iPhoneSimulator
		{1385DFA9-FCE8-4D69-93C9-47191099E039}.Debug|Any CPU.Build.0 = Debug|iPhoneSimulator
		{1385DFA9-FCE8-4D69-93C9-47191099E039}.Debug|Any CPU.Deploy.0 = Debug|iPhoneSimulator
		{1385DFA9-FCE8-4D69-93C9-47191099E039}.Debug|iPhone.ActiveCfg = Debug|iPhone
		{1385DFA9-FCE8-4D69-93C9-47191099E039}.Debug|iPhone.Build.0 = Debug|iPhone
		{1385DFA9-FCE8-4D69-93C9-47191099E039}.Debug|iPhone.Deploy.0 = Debug|iPhone
		{1385DFA9-FCE8-4D69-93C9-47191099E039}.Debug|iPhoneSimulator.ActiveCfg = Debug|iPhoneSimulator
		{1385DFA9-FCE8-4D69-93C9-47191099E039}.Debug|iPhoneSimulator.Build.0 = Debug|iPhoneSimulator
		{1385DFA9-FCE8-4D69-93C9-47191099E039}.Debug|iPhoneSimulator.Deploy.0 = Debug|iPhoneSimulator
		{1385DFA9-FCE8-4D69-93C9-47191099E039}.Release|Any CPU.ActiveCfg = Release|iPhone
		{1385DFA9-FCE8-4D69-93C9-47191099E039}.Release|Any CPU.Build.0 = Release|iPhone
		{1385DFA9-FCE8-4D69-93C9-47191099E039}.Release|Any CPU.Deploy.0 = Release|iPhone
		{1385DFA9-FCE8-4D69-93C9-47191099E039}.Release|iPhone.ActiveCfg = Release|iPhone
		{1385DFA9-FCE8-4D69-93C9-47191099E039}.Release|iPhone.Build.0 = Release|iPhone
		{1385DFA9-FCE8-4D69-93C9-47191099E039}.Release|iPhone.Deploy.0 = Release|iPhone
		{1385DFA9-FCE8-4D69-93C9-47191099E039}.Release|iPhoneSimulator.ActiveCfg = Release|iPhoneSimulator
		{1385DFA9-FCE8-4D69-93C9-47191099E039}.Release|iPhoneSimulator.Build.0 = Release|iPhoneSimulator
		{1385DFA9-FCE8-4D69-93C9-47191099E039}.Release|iPhoneSimulator.Deploy.0 = Release|iPhoneSimulator
		{6B0301E1-E20C-4D5B-BE42-E5EEC4B590EF}.Debug|Any CPU.ActiveCfg = Debug|Any CPU
		{6B0301E1-E20C-4D5B-BE42-E5EEC4B590EF}.Debug|Any CPU.Build.0 = Debug|Any CPU
		{6B0301E1-E20C-4D5B-BE42-E5EEC4B590EF}.Debug|Any CPU.Deploy.0 = Debug|Any CPU
		{6B0301E1-E20C-4D5B-BE42-E5EEC4B590EF}.Debug|iPhone.ActiveCfg = Debug|Any CPU
		{6B0301E1-E20C-4D5B-BE42-E5EEC4B590EF}.Debug|iPhone.Build.0 = Debug|Any CPU
		{6B0301E1-E20C-4D5B-BE42-E5EEC4B590EF}.Debug|iPhone.Deploy.0 = Debug|Any CPU
		{6B0301E1-E20C-4D5B-BE42-E5EEC4B590EF}.Debug|iPhoneSimulator.ActiveCfg = Debug|Any CPU
		{6B0301E1-E20C-4D5B-BE42-E5EEC4B590EF}.Debug|iPhoneSimulator.Build.0 = Debug|Any CPU
		{6B0301E1-E20C-4D5B-BE42-E5EEC4B590EF}.Debug|iPhoneSimulator.Deploy.0 = Debug|Any CPU
		{6B0301E1-E20C-4D5B-BE42-E5EEC4B590EF}.Release|Any CPU.ActiveCfg = Release|Any CPU
		{6B0301E1-E20C-4D5B-BE42-E5EEC4B590EF}.Release|Any CPU.Build.0 = Release|Any CPU
		{6B0301E1-E20C-4D5B-BE42-E5EEC4B590EF}.Release|Any CPU.Deploy.0 = Release|Any CPU
		{6B0301E1-E20C-4D5B-BE42-E5EEC4B590EF}.Release|iPhone.ActiveCfg = Release|Any CPU
		{6B0301E1-E20C-4D5B-BE42-E5EEC4B590EF}.Release|iPhone.Build.0 = Release|Any CPU
		{6B0301E1-E20C-4D5B-BE42-E5EEC4B590EF}.Release|iPhone.Deploy.0 = Release|Any CPU
		{6B0301E1-E20C-4D5B-BE42-E5EEC4B590EF}.Release|iPhoneSimulator.ActiveCfg = Release|Any CPU
		{6B0301E1-E20C-4D5B-BE42-E5EEC4B590EF}.Release|iPhoneSimulator.Build.0 = Release|Any CPU
		{6B0301E1-E20C-4D5B-BE42-E5EEC4B590EF}.Release|iPhoneSimulator.Deploy.0 = Release|Any CPU
	EndGlobalSection
	GlobalSection(SolutionProperties) = preSolution
		HideSolutionNode = FALSE
	EndGlobalSection
	GlobalSection(ExtensibilityGlobals) = postSolution
		SolutionGuid = {38FD7371-E892-4AED-A66D-1F167C80EAD2}
	EndGlobalSection
EndGlobal
